schema: '2.0'
stages:
  data ingestion:
    cmd: python .\src\data_ingestion.py
    deps:
    - path: src/data_ingestion.py
      hash: md5
      md5: cd46832e988301dd4ee741d42d4e454b
      size: 2676
    outs:
    - path: ./data/raw
      hash: md5
      md5: af7b010e7fda1d0a6e9984658cceb163.dir
      size: 442870
      nfiles: 2
  data preprocess:
    cmd: python .\src\preprocess.py
    deps:
    - path: src/data_ingestion.py
      hash: md5
      md5: cd46832e988301dd4ee741d42d4e454b
      size: 2676
    - path: src/preprocess.py
      hash: md5
      md5: 8f8713697e3993e4fea3f6f225c4796c
      size: 3743
    outs:
    - path: ./data/interim
      hash: md5
      md5: 5b8d1f61f596f6830d19e7dbf100a210.dir
      size: 253868
      nfiles: 2
  feature engineering:
    cmd: python .\src\feature_engineering.py
    deps:
    - path: src/data_ingestion.py
      hash: md5
      md5: cd46832e988301dd4ee741d42d4e454b
      size: 2676
    - path: src/feature_engineering.py
      hash: md5
      md5: e239a3fe2c49a2e59da730acadda2a4d
      size: 4039
    - path: src/preprocess.py
      hash: md5
      md5: 8f8713697e3993e4fea3f6f225c4796c
      size: 3743
    outs:
    - path: ./data/processed
      hash: md5
      md5: bf96d922ad1a2844cc9dab775040a72f.dir
      size: 2263324
      nfiles: 2
  model training:
    cmd: python .\src\model_training.py
    deps:
    - path: src/data_ingestion.py
      hash: md5
      md5: cd46832e988301dd4ee741d42d4e454b
      size: 2676
    - path: src/feature_engineering.py
      hash: md5
      md5: e239a3fe2c49a2e59da730acadda2a4d
      size: 4039
    - path: src/model_training.py
      hash: md5
      md5: 4c23cc0beaf5d95e02ea339d732d06e8
      size: 3027
    - path: src/preprocess.py
      hash: md5
      md5: 8f8713697e3993e4fea3f6f225c4796c
      size: 3743
    outs:
    - path: ./models/RandomForest.joblib
      hash: md5
      md5: 17ee4fe2d86838bcfd3e2be6b5a6cd2f
      size: 5531457
  Evaluation:
    cmd: python .\src\Evaluation.py
    deps:
    - path: src/Evaluation.py
      hash: md5
      md5: 92ef5b1d9b5c9be66554ea74cd49d146
      size: 3668
    - path: src/data_ingestion.py
      hash: md5
      md5: cd46832e988301dd4ee741d42d4e454b
      size: 2676
    - path: src/feature_engineering.py
      hash: md5
      md5: e239a3fe2c49a2e59da730acadda2a4d
      size: 4039
    - path: src/model_training.py
      hash: md5
      md5: 4c23cc0beaf5d95e02ea339d732d06e8
      size: 3027
    - path: src/preprocess.py
      hash: md5
      md5: 8f8713697e3993e4fea3f6f225c4796c
      size: 3743
    outs:
    - path: ./report/metrics.json
      hash: md5
      md5: 106995f831cc494d3a77e6d068c2f9ba
      size: 149
